
Microsoft Visual Studio Solution File, Format Version 12.00
# Visual Studio Version 17
VisualStudioVersion = 17.9.34728.123
MinimumVisualStudioVersion = 10.0.40219.1
Project("{FAE04EC0-301F-11D3-BF4B-00C04F79EFBC}") = "GroupBalancer", "GroupBalancer\GroupBalancer.csproj", "{C707CF25-18C5-4CA8-AAAA-6A5A6134080A}"
EndProject
Global
	GlobalSection(SolutionConfigurationPlatforms) = preSolution
		Debug|Any CPU = Debug|Any CPU
		Release|Any CPU = Release|Any CPU
	EndGlobalSection
	GlobalSection(ProjectConfigurationPlatforms) = postSolution
		{C707CF25-18C5-4CA8-AAAA-6A5A6134080A}.Debug|Any CPU.ActiveCfg = Debug|Any CPU
		{C707CF25-18C5-4CA8-AAAA-6A5A6134080A}.Debug|Any CPU.Build.0 = Debug|Any CPU
		{C707CF25-18C5-4CA8-AAAA-6A5A6134080A}.Release|Any CPU.ActiveCfg = Release|Any CPU
		{C707CF25-18C5-4CA8-AAAA-6A5A6134080A}.Release|Any CPU.Build.0 = Release|Any CPU
	EndGlobalSection
	GlobalSection(SolutionProperties) = preSolution
		HideSolutionNode = FALSE
	EndGlobalSection
	GlobalSection(ExtensibilityGlobals) = postSolution
		SolutionGuid = {1CBA0F20-490F-4F4B-9370-625F0D41AEB3}
	EndGlobalSection
EndGlobal
